// !$*UTF8*$!
{
	archiveVersion = 1;
	classes = {
	};
	objectVersion = 56;
	objects = {

/* Begin PBXBuildFile section */
		291B2AD42B911E830093DD5E /* ProfileView.swift in Sources */ = {isa = PBXBuildFile; fileRef = 291B2AD32B911E830093DD5E /* ProfileView.swift */; };
		291B2AD62B9143090093DD5E /* GlobeView.swift in Sources */ = {isa = PBXBuildFile; fileRef = 291B2AD52B9143090093DD5E /* GlobeView.swift */; };
		291B2AD82B914FF20093DD5E /* ProfileGridView.swift in Sources */ = {isa = PBXBuildFile; fileRef = 291B2AD72B914FF20093DD5E /* ProfileGridView.swift */; };
		291B2ADA2B91501C0093DD5E /* ProfileMapView.swift in Sources */ = {isa = PBXBuildFile; fileRef = 291B2AD92B91501C0093DD5E /* ProfileMapView.swift */; };
		291B2ADC2B93D32C0093DD5E /* NavBarUI.swift in Sources */ = {isa = PBXBuildFile; fileRef = 291B2ADB2B93D32C0093DD5E /* NavBarUI.swift */; };
		291B2ADE2B93D3570093DD5E /* HomeView.swift in Sources */ = {isa = PBXBuildFile; fileRef = 291B2ADD2B93D3570093DD5E /* HomeView.swift */; };
		291B2AE22B93D4100093DD5E /* BucketListView.swift in Sources */ = {isa = PBXBuildFile; fileRef = 291B2AE12B93D4100093DD5E /* BucketListView.swift */; };
		291B2AE42B93D47C0093DD5E /* CameraView.swift in Sources */ = {isa = PBXBuildFile; fileRef = 291B2AE32B93D47C0093DD5E /* CameraView.swift */; };
		291B2AE62B93D49A0093DD5E /* AIView.swift in Sources */ = {isa = PBXBuildFile; fileRef = 291B2AE52B93D49A0093DD5E /* AIView.swift */; };
		29B076652B868025007E9BB0 /* WanderLogApp.swift in Sources */ = {isa = PBXBuildFile; fileRef = 29B076642B868025007E9BB0 /* WanderLogApp.swift */; };
		29B076672B868025007E9BB0 /* ContentView.swift in Sources */ = {isa = PBXBuildFile; fileRef = 29B076662B868025007E9BB0 /* ContentView.swift */; };
		29B076692B868026007E9BB0 /* Assets.xcassets in Resources */ = {isa = PBXBuildFile; fileRef = 29B076682B868026007E9BB0 /* Assets.xcassets */; };
		29B0766C2B868026007E9BB0 /* Preview Assets.xcassets in Resources */ = {isa = PBXBuildFile; fileRef = 29B0766B2B868026007E9BB0 /* Preview Assets.xcassets */; };
		29E5203A2B9902D8005D28CF /* CheckBoxView.swift in Sources */ = {isa = PBXBuildFile; fileRef = 29E520392B9902D8005D28CF /* CheckBoxView.swift */; };
		6EB110D72B8D0950005ED8D5 /* LoginView.swift in Sources */ = {isa = PBXBuildFile; fileRef = 6EB110D62B8D0950005ED8D5 /* LoginView.swift */; };
/* End PBXBuildFile section */

/* Begin PBXFileReference section */
		291B2AD32B911E830093DD5E /* ProfileView.swift */ = {isa = PBXFileReference; lastKnownFileType = sourcecode.swift; path = ProfileView.swift; sourceTree = "<group>"; };
		291B2AD52B9143090093DD5E /* GlobeView.swift */ = {isa = PBXFileReference; lastKnownFileType = sourcecode.swift; path = GlobeView.swift; sourceTree = "<group>"; };
		291B2AD72B914FF20093DD5E /* ProfileGridView.swift */ = {isa = PBXFileReference; lastKnownFileType = sourcecode.swift; path = ProfileGridView.swift; sourceTree = "<group>"; };
		291B2AD92B91501C0093DD5E /* ProfileMapView.swift */ = {isa = PBXFileReference; lastKnownFileType = sourcecode.swift; path = ProfileMapView.swift; sourceTree = "<group>"; };
		291B2ADB2B93D32C0093DD5E /* NavBarUI.swift */ = {isa = PBXFileReference; lastKnownFileType = sourcecode.swift; path = NavBarUI.swift; sourceTree = "<group>"; };
		291B2ADD2B93D3570093DD5E /* HomeView.swift */ = {isa = PBXFileReference; lastKnownFileType = sourcecode.swift; path = HomeView.swift; sourceTree = "<group>"; };
		291B2AE12B93D4100093DD5E /* BucketListView.swift */ = {isa = PBXFileReference; lastKnownFileType = sourcecode.swift; path = BucketListView.swift; sourceTree = "<group>"; };
		291B2AE32B93D47C0093DD5E /* CameraView.swift */ = {isa = PBXFileReference; lastKnownFileType = sourcecode.swift; path = CameraView.swift; sourceTree = "<group>"; };
		291B2AE52B93D49A0093DD5E /* AIView.swift */ = {isa = PBXFileReference; lastKnownFileType = sourcecode.swift; path = AIView.swift; sourceTree = "<group>"; };
		29B076612B868025007E9BB0 /* WanderLog.app */ = {isa = PBXFileReference; explicitFileType = wrapper.application; includeInIndex = 0; path = WanderLog.app; sourceTree = BUILT_PRODUCTS_DIR; };
		29B076642B868025007E9BB0 /* WanderLogApp.swift */ = {isa = PBXFileReference; lastKnownFileType = sourcecode.swift; path = WanderLogApp.swift; sourceTree = "<group>"; };
		29B076662B868025007E9BB0 /* ContentView.swift */ = {isa = PBXFileReference; lastKnownFileType = sourcecode.swift; path = ContentView.swift; sourceTree = "<group>"; };
		29B076682B868026007E9BB0 /* Assets.xcassets */ = {isa = PBXFileReference; lastKnownFileType = folder.assetcatalog; path = Assets.xcassets; sourceTree = "<group>"; };
		29B0766B2B868026007E9BB0 /* Preview Assets.xcassets */ = {isa = PBXFileReference; lastKnownFileType = folder.assetcatalog; path = "Preview Assets.xcassets"; sourceTree = "<group>"; };
		29E520392B9902D8005D28CF /* CheckBoxView.swift */ = {isa = PBXFileReference; lastKnownFileType = sourcecode.swift; path = CheckBoxView.swift; sourceTree = "<group>"; };
		6EB110D62B8D0950005ED8D5 /* LoginView.swift */ = {isa = PBXFileReference; lastKnownFileType = sourcecode.swift; path = LoginView.swift; sourceTree = "<group>"; };
/* End PBXFileReference section */

/* Begin PBXFrameworksBuildPhase section */
		29B0765E2B868025007E9BB0 /* Frameworks */ = {
			isa = PBXFrameworksBuildPhase;
			buildActionMask = 2147483647;
			files = (
			);
			runOnlyForDeploymentPostprocessing = 0;
		};
/* End PBXFrameworksBuildPhase section */

/* Begin PBXGroup section */
		29B076582B868025007E9BB0 = {
			isa = PBXGroup;
			children = (
				29B076632B868025007E9BB0 /* WanderLog */,
				29B076622B868025007E9BB0 /* Products */,
				6EB110E42B8D0DA9005ED8D5 /* Frameworks */,
			);
			sourceTree = "<group>";
		};
		29B076622B868025007E9BB0 /* Products */ = {
			isa = PBXGroup;
			children = (
				29B076612B868025007E9BB0 /* WanderLog.app */,
			);
			name = Products;
			sourceTree = "<group>";
		};
		29B076632B868025007E9BB0 /* WanderLog */ = {
			isa = PBXGroup;
			children = (
				29B076642B868025007E9BB0 /* WanderLogApp.swift */,
				29B076682B868026007E9BB0 /* Assets.xcassets */,
				29B0766A2B868026007E9BB0 /* Preview Content */,
				6EB110D82B8D0959005ED8D5 /* View */,
			);
			path = WanderLog;
			sourceTree = "<group>";
		};
		29B0766A2B868026007E9BB0 /* Preview Content */ = {
			isa = PBXGroup;
			children = (
				29B0766B2B868026007E9BB0 /* Preview Assets.xcassets */,
			);
			path = "Preview Content";
			sourceTree = "<group>";
		};
		6EB110D82B8D0959005ED8D5 /* View */ = {
			isa = PBXGroup;
			children = (
				29B076662B868025007E9BB0 /* ContentView.swift */,
				6EB110D62B8D0950005ED8D5 /* LoginView.swift */,
				291B2ADB2B93D32C0093DD5E /* NavBarUI.swift */,
				291B2AE32B93D47C0093DD5E /* CameraView.swift */,
				291B2AE52B93D49A0093DD5E /* AIView.swift */,
				291B2AE12B93D4100093DD5E /* BucketListView.swift */,
				29E520392B9902D8005D28CF /* CheckBoxView.swift */,
				291B2ADD2B93D3570093DD5E /* HomeView.swift */,
				291B2AD32B911E830093DD5E /* ProfileView.swift */,
				291B2AD92B91501C0093DD5E /* ProfileMapView.swift */,
				291B2AD72B914FF20093DD5E /* ProfileGridView.swift */,
				291B2AD52B9143090093DD5E /* GlobeView.swift */,
			);
			path = View;
			sourceTree = "<group>";
		};
		6EB110E42B8D0DA9005ED8D5 /* Frameworks */ = {
			isa = PBXGroup;
			children = (
			);
			name = Frameworks;
			sourceTree = "<group>";
		};
/* End PBXGroup section */

/* Begin PBXNativeTarget section */
		29B076602B868025007E9BB0 /* WanderLog */ = {
			isa = PBXNativeTarget;
			buildConfigurationList = 29B0766F2B868026007E9BB0 /* Build configuration list for PBXNativeTarget "WanderLog" */;
			buildPhases = (
				29B0765D2B868025007E9BB0 /* Sources */,
				29B0765E2B868025007E9BB0 /* Frameworks */,
				29B0765F2B868025007E9BB0 /* Resources */,
			);
			buildRules = (
			);
			dependencies = (
			);
			name = WanderLog;
			packageProductDependencies = (
			);
			productName = WanderLog;
			productReference = 29B076612B868025007E9BB0 /* WanderLog.app */;
			productType = "com.apple.product-type.application";
		};
/* End PBXNativeTarget section */

/* Begin PBXProject section */
		29B076592B868025007E9BB0 /* Project object */ = {
			isa = PBXProject;
			attributes = {
				BuildIndependentTargetsInParallel = 1;
				LastSwiftUpdateCheck = 1520;
				LastUpgradeCheck = 1520;
				TargetAttributes = {
					29B076602B868025007E9BB0 = {
						CreatedOnToolsVersion = 15.2;
					};
				};
			};
			buildConfigurationList = 29B0765C2B868025007E9BB0 /* Build configuration list for PBXProject "WanderLog" */;
			compatibilityVersion = "Xcode 14.0";
			developmentRegion = en;
			hasScannedForEncodings = 0;
			knownRegions = (
				en,
				Base,
			);
			mainGroup = 29B076582B868025007E9BB0;
			packageReferences = (
				6EB110D92B8D0D79005ED8D5 /* XCRemoteSwiftPackageReference "firebase-ios-sdk" */,
			);
			productRefGroup = 29B076622B868025007E9BB0 /* Products */;
			projectDirPath = "";
			projectRoot = "";
			targets = (
				29B076602B868025007E9BB0 /* WanderLog */,
			);
		};
/* End PBXProject section */

/* Begin PBXResourcesBuildPhase section */
		29B0765F2B868025007E9BB0 /* Resources */ = {
			isa = PBXResourcesBuildPhase;
			buildActionMask = 2147483647;
			files = (
				29B0766C2B868026007E9BB0 /* Preview Assets.xcassets in Resources */,
				29B076692B868026007E9BB0 /* Assets.xcassets in Resources */,
			);
			runOnlyForDeploymentPostprocessing = 0;
		};
/* End PBXResourcesBuildPhase section */

/* Begin PBXSourcesBuildPhase section */
		29B0765D2B868025007E9BB0 /* Sources */ = {
			isa = PBXSourcesBuildPhase;
			buildActionMask = 2147483647;
			files = (
				291B2AE22B93D4100093DD5E /* BucketListView.swift in Sources */,
				291B2ADE2B93D3570093DD5E /* HomeView.swift in Sources */,
				291B2AD42B911E830093DD5E /* ProfileView.swift in Sources */,
				291B2ADC2B93D32C0093DD5E /* NavBarUI.swift in Sources */,
				291B2AE62B93D49A0093DD5E /* AIView.swift in Sources */,
				6EB110D72B8D0950005ED8D5 /* LoginView.swift in Sources */,
				291B2AD82B914FF20093DD5E /* ProfileGridView.swift in Sources */,
				291B2AD62B9143090093DD5E /* GlobeView.swift in Sources */,
				291B2AE42B93D47C0093DD5E /* CameraView.swift in Sources */,
				29E5203A2B9902D8005D28CF /* CheckBoxView.swift in Sources */,
				29B076672B868025007E9BB0 /* ContentView.swift in Sources */,
				291B2ADA2B91501C0093DD5E /* ProfileMapView.swift in Sources */,
				29B076652B868025007E9BB0 /* WanderLogApp.swift in Sources */,
			);
			runOnlyForDeploymentPostprocessing = 0;
		};
/* End PBXSourcesBuildPhase section */

/* Begin XCBuildConfiguration section */
		29B0766D2B868026007E9BB0 /* Debug */ = {
			isa = XCBuildConfiguration;
			buildSettings = {
				ALWAYS_SEARCH_USER_PATHS = NO;
				ASSETCATALOG_COMPILER_GENERATE_SWIFT_ASSET_SYMBOL_EXTENSIONS = YES;
				CLANG_ANALYZER_NONNULL = YES;
				CLANG_ANALYZER_NUMBER_OBJECT_CONVERSION = YES_AGGRESSIVE;
				CLANG_CXX_LANGUAGE_STANDARD = "gnu++20";
				CLANG_ENABLE_MODULES = YES;
				CLANG_ENABLE_OBJC_ARC = YES;
				CLANG_ENABLE_OBJC_WEAK = YES;
				CLANG_WARN_BLOCK_CAPTURE_AUTORELEASING = YES;
				CLANG_WARN_BOOL_CONVERSION = YES;
				CLANG_WARN_COMMA = YES;
				CLANG_WARN_CONSTANT_CONVERSION = YES;
				CLANG_WARN_DEPRECATED_OBJC_IMPLEMENTATIONS = YES;
				CLANG_WARN_DIRECT_OBJC_ISA_USAGE = YES_ERROR;
				CLANG_WARN_DOCUMENTATION_COMMENTS = YES;
				CLANG_WARN_EMPTY_BODY = YES;
				CLANG_WARN_ENUM_CONVERSION = YES;
				CLANG_WARN_INFINITE_RECURSION = YES;
				CLANG_WARN_INT_CONVERSION = YES;
				CLANG_WARN_NON_LITERAL_NULL_CONVERSION = YES;
				CLANG_WARN_OBJC_IMPLICIT_RETAIN_SELF = YES;
				CLANG_WARN_OBJC_LITERAL_CONVERSION = YES;
				CLANG_WARN_OBJC_ROOT_CLASS = YES_ERROR;
				CLANG_WARN_QUOTED_INCLUDE_IN_FRAMEWORK_HEADER = YES;
				CLANG_WARN_RANGE_LOOP_ANALYSIS = YES;
				CLANG_WARN_STRICT_PROTOTYPES = YES;
				CLANG_WARN_SUSPICIOUS_MOVE = YES;
				CLANG_WARN_UNGUARDED_AVAILABILITY = YES_AGGRESSIVE;
				CLANG_WARN_UNREACHABLE_CODE = YES;
				CLANG_WARN__DUPLICATE_METHOD_MATCH = YES;
				COPY_PHASE_STRIP = NO;
				DEBUG_INFORMATION_FORMAT = dwarf;
				ENABLE_STRICT_OBJC_MSGSEND = YES;
				ENABLE_TESTABILITY = YES;
				ENABLE_USER_SCRIPT_SANDBOXING = YES;
				GCC_C_LANGUAGE_STANDARD = gnu17;
				GCC_DYNAMIC_NO_PIC = NO;
				GCC_NO_COMMON_BLOCKS = YES;
				GCC_OPTIMIZATION_LEVEL = 0;
				GCC_PREPROCESSOR_DEFINITIONS = (
					"DEBUG=1",
					"$(inherited)",
				);
				GCC_WARN_64_TO_32_BIT_CONVERSION = YES;
				GCC_WARN_ABOUT_RETURN_TYPE = YES_ERROR;
				GCC_WARN_UNDECLARED_SELECTOR = YES;
				GCC_WARN_UNINITIALIZED_AUTOS = YES_AGGRESSIVE;
				GCC_WARN_UNUSED_FUNCTION = YES;
				GCC_WARN_UNUSED_VARIABLE = YES;
				IPHONEOS_DEPLOYMENT_TARGET = 17.2;
				LOCALIZATION_PREFERS_STRING_CATALOGS = YES;
				MTL_ENABLE_DEBUG_INFO = INCLUDE_SOURCE;
				MTL_FAST_MATH = YES;
				ONLY_ACTIVE_ARCH = YES;
				SDKROOT = iphoneos;
				SWIFT_ACTIVE_COMPILATION_CONDITIONS = "DEBUG $(inherited)";
				SWIFT_OPTIMIZATION_LEVEL = "-Onone";
			};
			name = Debug;
		};
		29B0766E2B868026007E9BB0 /* Release */ = {
			isa = XCBuildConfiguration;
			buildSettings = {
				ALWAYS_SEARCH_USER_PATHS = NO;
				ASSETCATALOG_COMPILER_GENERATE_SWIFT_ASSET_SYMBOL_EXTENSIONS = YES;
				CLANG_ANALYZER_NONNULL = YES;
				CLANG_ANALYZER_NUMBER_OBJECT_CONVERSION = YES_AGGRESSIVE;
				CLANG_CXX_LANGUAGE_STANDARD = "gnu++20";
				CLANG_ENABLE_MODULES = YES;
				CLANG_ENABLE_OBJC_ARC = YES;
				CLANG_ENABLE_OBJC_WEAK = YES;
				CLANG_WARN_BLOCK_CAPTURE_AUTORELEASING = YES;
				CLANG_WARN_BOOL_CONVERSION = YES;
				CLANG_WARN_COMMA = YES;
				CLANG_WARN_CONSTANT_CONVERSION = YES;
				CLANG_WARN_DEPRECATED_OBJC_IMPLEMENTATIONS = YES;
				CLANG_WARN_DIRECT_OBJC_ISA_USAGE = YES_ERROR;
				CLANG_WARN_DOCUMENTATION_COMMENTS = YES;
				CLANG_WARN_EMPTY_BODY = YES;
				CLANG_WARN_ENUM_CONVERSION = YES;
				CLANG_WARN_INFINITE_RECURSION = YES;
				CLANG_WARN_INT_CONVERSION = YES;
				CLANG_WARN_NON_LITERAL_NULL_CONVERSION = YES;
				CLANG_WARN_OBJC_IMPLICIT_RETAIN_SELF = YES;
				CLANG_WARN_OBJC_LITERAL_CONVERSION = YES;
				CLANG_WARN_OBJC_ROOT_CLASS = YES_ERROR;
				CLANG_WARN_QUOTED_INCLUDE_IN_FRAMEWORK_HEADER = YES;
				CLANG_WARN_RANGE_LOOP_ANALYSIS = YES;
				CLANG_WARN_STRICT_PROTOTYPES = YES;
				CLANG_WARN_SUSPICIOUS_MOVE = YES;
				CLANG_WARN_UNGUARDED_AVAILABILITY = YES_AGGRESSIVE;
				CLANG_WARN_UNREACHABLE_CODE = YES;
				CLANG_WARN__DUPLICATE_METHOD_MATCH = YES;
				COPY_PHASE_STRIP = NO;
				DEBUG_INFORMATION_FORMAT = "dwarf-with-dsym";
				ENABLE_NS_ASSERTIONS = NO;
				ENABLE_STRICT_OBJC_MSGSEND = YES;
				ENABLE_USER_SCRIPT_SANDBOXING = YES;
				GCC_C_LANGUAGE_STANDARD = gnu17;
				GCC_NO_COMMON_BLOCKS = YES;
				GCC_WARN_64_TO_32_BIT_CONVERSION = YES;
				GCC_WARN_ABOUT_RETURN_TYPE = YES_ERROR;
				GCC_WARN_UNDECLARED_SELECTOR = YES;
				GCC_WARN_UNINITIALIZED_AUTOS = YES_AGGRESSIVE;
				GCC_WARN_UNUSED_FUNCTION = YES;
				GCC_WARN_UNUSED_VARIABLE = YES;
				IPHONEOS_DEPLOYMENT_TARGET = 17.2;
				LOCALIZATION_PREFERS_STRING_CATALOGS = YES;
				MTL_ENABLE_DEBUG_INFO = NO;
				MTL_FAST_MATH = YES;
				SDKROOT = iphoneos;
				SWIFT_COMPILATION_MODE = wholemodule;
				VALIDATE_PRODUCT = YES;
			};
			name = Release;
		};
		29B076702B868026007E9BB0 /* Debug */ = {
			isa = XCBuildConfiguration;
			buildSettings = {
				ASSETCATALOG_COMPILER_APPICON_NAME = AppIcon;
				ASSETCATALOG_COMPILER_GLOBAL_ACCENT_COLOR_NAME = AccentColor;
				CODE_SIGN_STYLE = Automatic;
				CURRENT_PROJECT_VERSION = 1;
				DEVELOPMENT_ASSET_PATHS = "\"WanderLog/Preview Content\"";
				DEVELOPMENT_TEAM = VSBD8Q83DP;
				ENABLE_PREVIEWS = YES;
				GENERATE_INFOPLIST_FILE = YES;
				INFOPLIST_KEY_UIApplicationSceneManifest_Generation = YES;
				INFOPLIST_KEY_UIApplicationSupportsIndirectInputEvents = YES;
				INFOPLIST_KEY_UILaunchScreen_Generation = YES;
				INFOPLIST_KEY_UISupportedInterfaceOrientations_iPad = "UIInterfaceOrientationPortrait UIInterfaceOrientationPortraitUpsideDown UIInterfaceOrientationLandscapeLeft UIInterfaceOrientationLandscapeRight";
				INFOPLIST_KEY_UISupportedInterfaceOrientations_iPhone = "UIInterfaceOrientationPortrait UIInterfaceOrientationLandscapeLeft UIInterfaceOrientationLandscapeRight";
				LD_RUNPATH_SEARCH_PATHS = (
					"$(inherited)",
					"@executable_path/Frameworks",
				);
				MARKETING_VERSION = 1.0;
				PRODUCT_BUNDLE_IDENTIFIER = Tarasha.WanderLog;
				PRODUCT_NAME = "$(TARGET_NAME)";
				SWIFT_EMIT_LOC_STRINGS = YES;
				SWIFT_VERSION = 5.0;
				TARGETED_DEVICE_FAMILY = "1,2";
			};
			name = Debug;
		};
		29B076712B868026007E9BB0 /* Release */ = {
			isa = XCBuildConfiguration;
			buildSettings = {
				ASSETCATALOG_COMPILER_APPICON_NAME = AppIcon;
				ASSETCATALOG_COMPILER_GLOBAL_ACCENT_COLOR_NAME = AccentColor;
				CODE_SIGN_STYLE = Automatic;
				CURRENT_PROJECT_VERSION = 1;
				DEVELOPMENT_ASSET_PATHS = "\"WanderLog/Preview Content\"";
				DEVELOPMENT_TEAM = VSBD8Q83DP;
				ENABLE_PREVIEWS = YES;
				GENERATE_INFOPLIST_FILE = YES;
				INFOPLIST_KEY_UIApplicationSceneManifest_Generation = YES;
				INFOPLIST_KEY_UIApplicationSupportsIndirectInputEvents = YES;
				INFOPLIST_KEY_UILaunchScreen_Generation = YES;
				INFOPLIST_KEY_UISupportedInterfaceOrientations_iPad = "UIInterfaceOrientationPortrait UIInterfaceOrientationPortraitUpsideDown UIInterfaceOrientationLandscapeLeft UIInterfaceOrientationLandscapeRight";
				INFOPLIST_KEY_UISupportedInterfaceOrientations_iPhone = "UIInterfaceOrientationPortrait UIInterfaceOrientationLandscapeLeft UIInterfaceOrientationLandscapeRight";
				LD_RUNPATH_SEARCH_PATHS = (
					"$(inherited)",
					"@executable_path/Frameworks",
				);
				MARKETING_VERSION = 1.0;
				PRODUCT_BUNDLE_IDENTIFIER = Tarasha.WanderLog;
				PRODUCT_NAME = "$(TARGET_NAME)";
				SWIFT_EMIT_LOC_STRINGS = YES;
				SWIFT_VERSION = 5.0;
				TARGETED_DEVICE_FAMILY = "1,2";
			};
			name = Release;
		};
/* End XCBuildConfiguration section */

/* Begin XCConfigurationList section */
		29B0765C2B868025007E9BB0 /* Build configuration list for PBXProject "WanderLog" */ = {
			isa = XCConfigurationList;
			buildConfigurations = (
				29B0766D2B868026007E9BB0 /* Debug */,
				29B0766E2B868026007E9BB0 /* Release */,
			);
			defaultConfigurationIsVisible = 0;
			defaultConfigurationName = Release;
		};
		29B0766F2B868026007E9BB0 /* Build configuration list for PBXNativeTarget "WanderLog" */ = {
			isa = XCConfigurationList;
			buildConfigurations = (
				29B076702B868026007E9BB0 /* Debug */,
				29B076712B868026007E9BB0 /* Release */,
			);
			defaultConfigurationIsVisible = 0;
			defaultConfigurationName = Release;
		};
/* End XCConfigurationList section */

/* Begin XCRemoteSwiftPackageReference section */
		6EB110D92B8D0D79005ED8D5 /* XCRemoteSwiftPackageReference "firebase-ios-sdk" */ = {
			isa = XCRemoteSwiftPackageReference;
			repositoryURL = "https://github.com/firebase/firebase-ios-sdk.git";
			requirement = {
				kind = upToNextMajorVersion;
				minimumVersion = 10.21.0;
			};
		};
/* End XCRemoteSwiftPackageReference section */
	};
	rootObject = 29B076592B868025007E9BB0 /* Project object */;
}
